// !$*UTF8*$!
{
	archiveVersion = 1;
	classes = {
	};
	objectVersion = 46;
	objects = {

/* Begin PBXBuildFile section */
		F7737A441F22480E0021C4DE /* AppDelegate.swift in Sources */ = {isa = PBXBuildFile; fileRef = F7737A431F22480E0021C4DE /* AppDelegate.swift */; };
		F7737A461F22480E0021C4DE /* ViewController.swift in Sources */ = {isa = PBXBuildFile; fileRef = F7737A451F22480E0021C4DE /* ViewController.swift */; };
		F7737A491F22480E0021C4DE /* Main.storyboard in Resources */ = {isa = PBXBuildFile; fileRef = F7737A471F22480E0021C4DE /* Main.storyboard */; };
		F7737A4B1F22480E0021C4DE /* Assets.xcassets in Resources */ = {isa = PBXBuildFile; fileRef = F7737A4A1F22480E0021C4DE /* Assets.xcassets */; };
		F7737A4E1F22480E0021C4DE /* LaunchScreen.storyboard in Resources */ = {isa = PBXBuildFile; fileRef = F7737A4C1F22480E0021C4DE /* LaunchScreen.storyboard */; };
		F7737A591F22480E0021C4DE /* fashionFindTests.swift in Sources */ = {isa = PBXBuildFile; fileRef = F7737A581F22480E0021C4DE /* fashionFindTests.swift */; };
		F7737A641F22480E0021C4DE /* fashionFindUITests.swift in Sources */ = {isa = PBXBuildFile; fileRef = F7737A631F22480E0021C4DE /* fashionFindUITests.swift */; };
/* End PBXBuildFile section */

/* Begin PBXContainerItemProxy section */
		F7737A551F22480E0021C4DE /* PBXContainerItemProxy */ = {
			isa = PBXContainerItemProxy;
			containerPortal = F7737A381F22480E0021C4DE /* Project object */;
			proxyType = 1;
			remoteGlobalIDString = F7737A3F1F22480E0021C4DE;
			remoteInfo = fashionFind;
		};
		F7737A601F22480E0021C4DE /* PBXContainerItemProxy */ = {
			isa = PBXContainerItemProxy;
			containerPortal = F7737A381F22480E0021C4DE /* Project object */;
			proxyType = 1;
			remoteGlobalIDString = F7737A3F1F22480E0021C4DE;
			remoteInfo = fashionFind;
		};
/* End PBXContainerItemProxy section */

/* Begin PBXFileReference section */
		F7737A401F22480E0021C4DE /* fashionFind.app */ = {isa = PBXFileReference; explicitFileType = wrapper.application; includeInIndex = 0; path = fashionFind.app; sourceTree = BUILT_PRODUCTS_DIR; };
		F7737A431F22480E0021C4DE /* AppDelegate.swift */ = {isa = PBXFileReference; lastKnownFileType = sourcecode.swift; path = AppDelegate.swift; sourceTree = "<group>"; };
		F7737A451F22480E0021C4DE /* ViewController.swift */ = {isa = PBXFileReference; lastKnownFileType = sourcecode.swift; path = ViewController.swift; sourceTree = "<group>"; };
		F7737A481F22480E0021C4DE /* Base */ = {isa = PBXFileReference; lastKnownFileType = file.storyboard; name = Base; path = Base.lproj/Main.storyboard; sourceTree = "<group>"; };
		F7737A4A1F22480E0021C4DE /* Assets.xcassets */ = {isa = PBXFileReference; lastKnownFileType = folder.assetcatalog; path = Assets.xcassets; sourceTree = "<group>"; };
		F7737A4D1F22480E0021C4DE /* Base */ = {isa = PBXFileReference; lastKnownFileType = file.storyboard; name = Base; path = Base.lproj/LaunchScreen.storyboard; sourceTree = "<group>"; };
		F7737A4F1F22480E0021C4DE /* Info.plist */ = {isa = PBXFileReference; lastKnownFileType = text.plist.xml; path = Info.plist; sourceTree = "<group>"; };
		F7737A541F22480E0021C4DE /* fashionFindTests.xctest */ = {isa = PBXFileReference; explicitFileType = wrapper.cfbundle; includeInIndex = 0; path = fashionFindTests.xctest; sourceTree = BUILT_PRODUCTS_DIR; };
		F7737A581F22480E0021C4DE /* fashionFindTests.swift */ = {isa = PBXFileReference; lastKnownFileType = sourcecode.swift; path = fashionFindTests.swift; sourceTree = "<group>"; };
		F7737A5A1F22480E0021C4DE /* Info.plist */ = {isa = PBXFileReference; lastKnownFileType = text.plist.xml; path = Info.plist; sourceTree = "<group>"; };
		F7737A5F1F22480E0021C4DE /* fashionFindUITests.xctest */ = {isa = PBXFileReference; explicitFileType = wrapper.cfbundle; includeInIndex = 0; path = fashionFindUITests.xctest; sourceTree = BUILT_PRODUCTS_DIR; };
		F7737A631F22480E0021C4DE /* fashionFindUITests.swift */ = {isa = PBXFileReference; lastKnownFileType = sourcecode.swift; path = fashionFindUITests.swift; sourceTree = "<group>"; };
		F7737A651F22480E0021C4DE /* Info.plist */ = {isa = PBXFileReference; lastKnownFileType = text.plist.xml; path = Info.plist; sourceTree = "<group>"; };
/* End PBXFileReference section */

/* Begin PBXFrameworksBuildPhase section */
		F7737A3D1F22480E0021C4DE /* Frameworks */ = {
			isa = PBXFrameworksBuildPhase;
			buildActionMask = 2147483647;
			files = (
			);
			runOnlyForDeploymentPostprocessing = 0;
		};
		F7737A511F22480E0021C4DE /* Frameworks */ = {
			isa = PBXFrameworksBuildPhase;
			buildActionMask = 2147483647;
			files = (
			);
			runOnlyForDeploymentPostprocessing = 0;
		};
		F7737A5C1F22480E0021C4DE /* Frameworks */ = {
			isa = PBXFrameworksBuildPhase;
			buildActionMask = 2147483647;
			files = (
			);
			runOnlyForDeploymentPostprocessing = 0;
		};
/* End PBXFrameworksBuildPhase section */

/* Begin PBXGroup section */
		F7737A371F22480E0021C4DE = {
			isa = PBXGroup;
			children = (
				F7737A421F22480E0021C4DE /* fashionFind */,
				F7737A571F22480E0021C4DE /* fashionFindTests */,
				F7737A621F22480E0021C4DE /* fashionFindUITests */,
				F7737A411F22480E0021C4DE /* Products */,
			);
			sourceTree = "<group>";
		};
		F7737A411F22480E0021C4DE /* Products */ = {
			isa = PBXGroup;
			children = (
				F7737A401F22480E0021C4DE /* fashionFind.app */,
				F7737A541F22480E0021C4DE /* fashionFindTests.xctest */,
				F7737A5F1F22480E0021C4DE /* fashionFindUITests.xctest */,
			);
			name = Products;
			sourceTree = "<group>";
		};
		F7737A421F22480E0021C4DE /* fashionFind */ = {
			isa = PBXGroup;
			children = (
				F7737A431F22480E0021C4DE /* AppDelegate.swift */,
				F7737A451F22480E0021C4DE /* ViewController.swift */,
				F7737A471F22480E0021C4DE /* Main.storyboard */,
				F7737A4A1F22480E0021C4DE /* Assets.xcassets */,
				F7737A4C1F22480E0021C4DE /* LaunchScreen.storyboard */,
				F7737A4F1F22480E0021C4DE /* Info.plist */,
			);
			path = fashionFind;
			sourceTree = "<group>";
		};
		F7737A571F22480E0021C4DE /* fashionFindTests */ = {
			isa = PBXGroup;
			children = (
				F7737A581F22480E0021C4DE /* fashionFindTests.swift */,
				F7737A5A1F22480E0021C4DE /* Info.plist */,
			);
			path = fashionFindTests;
			sourceTree = "<group>";
		};
		F7737A621F22480E0021C4DE /* fashionFindUITests */ = {
			isa = PBXGroup;
			children = (
				F7737A631F22480E0021C4DE /* fashionFindUITests.swift */,
				F7737A651F22480E0021C4DE /* Info.plist */,
			);
			path = fashionFindUITests;
			sourceTree = "<group>";
		};
/* End PBXGroup section */

/* Begin PBXNativeTarget section */
		F7737A3F1F22480E0021C4DE /* fashionFind */ = {
			isa = PBXNativeTarget;
			buildConfigurationList = F7737A681F22480E0021C4DE /* Build configuration list for PBXNativeTarget "fashionFind" */;
			buildPhases = (
				F7737A3C1F22480E0021C4DE /* Sources */,
				F7737A3D1F22480E0021C4DE /* Frameworks */,
				F7737A3E1F22480E0021C4DE /* Resources */,
			);
			buildRules = (
			);
			dependencies = (
			);
			name = fashionFind;
			productName = fashionFind;
			productReference = F7737A401F22480E0021C4DE /* fashionFind.app */;
			productType = "com.apple.product-type.application";
		};
		F7737A531F22480E0021C4DE /* fashionFindTests */ = {
			isa = PBXNativeTarget;
			buildConfigurationList = F7737A6B1F22480E0021C4DE /* Build configuration list for PBXNativeTarget "fashionFindTests" */;
			buildPhases = (
				F7737A501F22480E0021C4DE /* Sources */,
				F7737A511F22480E0021C4DE /* Frameworks */,
				F7737A521F22480E0021C4DE /* Resources */,
			);
			buildRules = (
			);
			dependencies = (
				F7737A561F22480E0021C4DE /* PBXTargetDependency */,
			);
			name = fashionFindTests;
			productName = fashionFindTests;
			productReference = F7737A541F22480E0021C4DE /* fashionFindTests.xctest */;
			productType = "com.apple.product-type.bundle.unit-test";
		};
		F7737A5E1F22480E0021C4DE /* fashionFindUITests */ = {
			isa = PBXNativeTarget;
			buildConfigurationList = F7737A6E1F22480E0021C4DE /* Build configuration list for PBXNativeTarget "fashionFindUITests" */;
			buildPhases = (
				F7737A5B1F22480E0021C4DE /* Sources */,
				F7737A5C1F22480E0021C4DE /* Frameworks */,
				F7737A5D1F22480E0021C4DE /* Resources */,
			);
			buildRules = (
			);
			dependencies = (
				F7737A611F22480E0021C4DE /* PBXTargetDependency */,
			);
			name = fashionFindUITests;
			productName = fashionFindUITests;
			productReference = F7737A5F1F22480E0021C4DE /* fashionFindUITests.xctest */;
			productType = "com.apple.product-type.bundle.ui-testing";
		};
/* End PBXNativeTarget section */

/* Begin PBXProject section */
		F7737A381F22480E0021C4DE /* Project object */ = {
			isa = PBXProject;
			attributes = {
				LastSwiftUpdateCheck = 0830;
				LastUpgradeCheck = 0830;
				ORGANIZATIONNAME = "Ahmed Al Dulaimy";
				TargetAttributes = {
					F7737A3F1F22480E0021C4DE = {
						CreatedOnToolsVersion = 8.3.3;
						DevelopmentTeam = 2R3DXV42RG;
						ProvisioningStyle = Automatic;
					};
					F7737A531F22480E0021C4DE = {
						CreatedOnToolsVersion = 8.3.3;
						DevelopmentTeam = 2R3DXV42RG;
						ProvisioningStyle = Automatic;
						TestTargetID = F7737A3F1F22480E0021C4DE;
					};
					F7737A5E1F22480E0021C4DE = {
						CreatedOnToolsVersion = 8.3.3;
						DevelopmentTeam = 2R3DXV42RG;
						ProvisioningStyle = Automatic;
						TestTargetID = F7737A3F1F22480E0021C4DE;
					};
				};
			};
			buildConfigurationList = F7737A3B1F22480E0021C4DE /* Build configuration list for PBXProject "fashionFind" */;
			compatibilityVersion = "Xcode 3.2";
			developmentRegion = English;
			hasScannedForEncodings = 0;
			knownRegions = (
				en,
				Base,
			);
			mainGroup = F7737A371F22480E0021C4DE;
			productRefGroup = F7737A411F22480E0021C4DE /* Products */;
			projectDirPath = "";
			projectRoot = "";
			targets = (
				F7737A3F1F22480E0021C4DE /* fashionFind */,
				F7737A531F22480E0021C4DE /* fashionFindTests */,
				F7737A5E1F22480E0021C4DE /* fashionFindUITests */,
			);
		};
/* End PBXProject section */

/* Begin PBXResourcesBuildPhase section */
		F7737A3E1F22480E0021C4DE /* Resources */ = {
			isa = PBXResourcesBuildPhase;
			buildActionMask = 2147483647;
			files = (
				F7737A4E1F22480E0021C4DE /* LaunchScreen.storyboard in Resources */,
				F7737A4B1F22480E0021C4DE /* Assets.xcassets in Resources */,
				F7737A491F22480E0021C4DE /* Main.storyboard in Resources */,
			);
			runOnlyForDeploymentPostprocessing = 0;
		};
		F7737A521F22480E0021C4DE /* Resources */ = {
			isa = PBXResourcesBuildPhase;
			buildActionMask = 2147483647;
			files = (
			);
			runOnlyForDeploymentPostprocessing = 0;
		};
		F7737A5D1F22480E0021C4DE /* Resources */ = {
			isa = PBXResourcesBuildPhase;
			buildActionMask = 2147483647;
			files = (
			);
			runOnlyForDeploymentPostprocessing = 0;
		};
/* End PBXResourcesBuildPhase section */

/* Begin PBXSourcesBuildPhase section */
		F7737A3C1F22480E0021C4DE /* Sources */ = {
			isa = PBXSourcesBuildPhase;
			buildActionMask = 2147483647;
			files = (
				F7737A461F22480E0021C4DE /* ViewController.swift in Sources */,
				F7737A441F22480E0021C4DE /* AppDelegate.swift in Sources */,
			);
			runOnlyForDeploymentPostprocessing = 0;
		};
		F7737A501F22480E0021C4DE /* Sources */ = {
			isa = PBXSourcesBuildPhase;
			buildActionMask = 2147483647;
			files = (
				F7737A591F22480E0021C4DE /* fashionFindTests.swift in Sources */,
			);
			runOnlyForDeploymentPostprocessing = 0;
		};
		F7737A5B1F22480E0021C4DE /* Sources */ = {
			isa = PBXSourcesBuildPhase;
			buildActionMask = 2147483647;
			files = (
				F7737A641F22480E0021C4DE /* fashionFindUITests.swift in Sources */,
			);
			runOnlyForDeploymentPostprocessing = 0;
		};
/* End PBXSourcesBuildPhase section */

/* Begin PBXTargetDependency section */
		F7737A561F22480E0021C4DE /* PBXTargetDependency */ = {
			isa = PBXTargetDependency;
			target = F7737A3F1F22480E0021C4DE /* fashionFind */;
			targetProxy = F7737A551F22480E0021C4DE /* PBXContainerItemProxy */;
		};
		F7737A611F22480E0021C4DE /* PBXTargetDependency */ = {
			isa = PBXTargetDependency;
			target = F7737A3F1F22480E0021C4DE /* fashionFind */;
			targetProxy = F7737A601F22480E0021C4DE /* PBXContainerItemProxy */;
		};
/* End PBXTargetDependency section */

/* Begin PBXVariantGroup section */
		F7737A471F22480E0021C4DE /* Main.storyboard */ = {
			isa = PBXVariantGroup;
			children = (
				F7737A481F22480E0021C4DE /* Base */,
			);
			name = Main.storyboard;
			sourceTree = "<group>";
		};
		F7737A4C1F22480E0021C4DE /* LaunchScreen.storyboard */ = {
			isa = PBXVariantGroup;
			children = (
				F7737A4D1F22480E0021C4DE /* Base */,
			);
			name = LaunchScreen.storyboard;
			sourceTree = "<group>";
		};
/* End PBXVariantGroup section */

/* Begin XCBuildConfiguration section */
		F7737A661F22480E0021C4DE /* Debug */ = {
			isa = XCBuildConfiguration;
			buildSettings = {
				ALWAYS_SEARCH_USER_PATHS = NO;
				CLANG_ANALYZER_NONNULL = YES;
				CLANG_ANALYZER_NUMBER_OBJECT_CONVERSION = YES_AGGRESSIVE;
				CLANG_CXX_LANGUAGE_STANDARD = "gnu++0x";
				CLANG_CXX_LIBRARY = "libc++";
				CLANG_ENABLE_MODULES = YES;
				CLANG_ENABLE_OBJC_ARC = YES;
				CLANG_WARN_BOOL_CONVERSION = YES;
				CLANG_WARN_CONSTANT_CONVERSION = YES;
				CLANG_WARN_DIRECT_OBJC_ISA_USAGE = YES_ERROR;
				CLANG_WARN_DOCUMENTATION_COMMENTS = YES;
				CLANG_WARN_EMPTY_BODY = YES;
				CLANG_WARN_ENUM_CONVERSION = YES;
				CLANG_WARN_INFINITE_RECURSION = YES;
				CLANG_WARN_INT_CONVERSION = YES;
				CLANG_WARN_OBJC_ROOT_CLASS = YES_ERROR;
				CLANG_WARN_SUSPICIOUS_MOVE = YES;
				CLANG_WARN_UNREACHABLE_CODE = YES;
				CLANG_WARN__DUPLICATE_METHOD_MATCH = YES;
				"CODE_SIGN_IDENTITY[sdk=iphoneos*]" = "iPhone Developer";
				COPY_PHASE_STRIP = NO;
				DEBUG_INFORMATION_FORMAT = dwarf;
				ENABLE_STRICT_OBJC_MSGSEND = YES;
				ENABLE_TESTABILITY = YES;
				GCC_C_LANGUAGE_STANDARD = gnu99;
				GCC_DYNAMIC_NO_PIC = NO;
				GCC_NO_COMMON_BLOCKS = YES;
				GCC_OPTIMIZATION_LEVEL = 0;
				GCC_PREPROCESSOR_DEFINITIONS = (
					"DEBUG=1",
					"$(inherited)",
				);
				GCC_WARN_64_TO_32_BIT_CONVERSION = YES;
				GCC_WARN_ABOUT_RETURN_TYPE = YES_ERROR;
				GCC_WARN_UNDECLARED_SELECTOR = YES;
				GCC_WARN_UNINITIALIZED_AUTOS = YES_AGGRESSIVE;
				GCC_WARN_UNUSED_FUNCTION = YES;
				GCC_WARN_UNUSED_VARIABLE = YES;
				IPHONEOS_DEPLOYMENT_TARGET = 10.3;
				MTL_ENABLE_DEBUG_INFO = YES;
				ONLY_ACTIVE_ARCH = YES;
				SDKROOT = iphoneos;
				SWIFT_ACTIVE_COMPILATION_CONDITIONS = DEBUG;
				SWIFT_OPTIMIZATION_LEVEL = "-Onone";
				TARGETED_DEVICE_FAMILY = "1,2";
			};
			name = Debug;
		};
		F7737A671F22480E0021C4DE /* Release */ = {
			isa = XCBuildConfiguration;
			buildSettings = {
				ALWAYS_SEARCH_USER_PATHS = NO;
				CLANG_ANALYZER_NONNULL = YES;
				CLANG_ANALYZER_NUMBER_OBJECT_CONVERSION = YES_AGGRESSIVE;
				CLANG_CXX_LANGUAGE_STANDARD = "gnu++0x";
				CLANG_CXX_LIBRARY = "libc++";
				CLANG_ENABLE_MODULES = YES;
				CLANG_ENABLE_OBJC_ARC = YES;
				CLANG_WARN_BOOL_CONVERSION = YES;
				CLANG_WARN_CONSTANT_CONVERSION = YES;
				CLANG_WARN_DIRECT_OBJC_ISA_USAGE = YES_ERROR;
				CLANG_WARN_DOCUMENTATION_COMMENTS = YES;
				CLANG_WARN_EMPTY_BODY = YES;
				CLANG_WARN_ENUM_CONVERSION = YES;
				CLANG_WARN_INFINITE_RECURSION = YES;
				CLANG_WARN_INT_CONVERSION = YES;
				CLANG_WARN_OBJC_ROOT_CLASS = YES_ERROR;
				CLANG_WARN_SUSPICIOUS_MOVE = YES;
				CLANG_WARN_UNREACHABLE_CODE = YES;
				CLANG_WARN__DUPLICATE_METHOD_MATCH = YES;
				"CODE_SIGN_IDENTITY[sdk=iphoneos*]" = "iPhone Developer";
				COPY_PHASE_STRIP = NO;
				DEBUG_INFORMATION_FORMAT = "dwarf-with-dsym";
				ENABLE_NS_ASSERTIONS = NO;
				ENABLE_STRICT_OBJC_MSGSEND = YES;
				GCC_C_LANGUAGE_STANDARD = gnu99;
				GCC_NO_COMMON_BLOCKS = YES;
				GCC_WARN_64_TO_32_BIT_CONVERSION = YES;
				GCC_WARN_ABOUT_RETURN_TYPE = YES_ERROR;
				GCC_WARN_UNDECLARED_SELECTOR = YES;
				GCC_WARN_UNINITIALIZED_AUTOS = YES_AGGRESSIVE;
				GCC_WARN_UNUSED_FUNCTION = YES;
				GCC_WARN_UNUSED_VARIABLE = YES;
				IPHONEOS_DEPLOYMENT_TARGET = 10.3;
				MTL_ENABLE_DEBUG_INFO = NO;
				SDKROOT = iphoneos;
				SWIFT_OPTIMIZATION_LEVEL = "-Owholemodule";
				TARGETED_DEVICE_FAMILY = "1,2";
				VALIDATE_PRODUCT = YES;
			};
			name = Release;
		};
		F7737A691F22480E0021C4DE /* Debug */ = {
			isa = XCBuildConfiguration;
			buildSettings = {
				ASSETCATALOG_COMPILER_APPICON_NAME = AppIcon;
				DEVELOPMENT_TEAM = 2R3DXV42RG;
				INFOPLIST_FILE = fashionFind/Info.plist;
				LD_RUNPATH_SEARCH_PATHS = "$(inherited) @executable_path/Frameworks";
				PRODUCT_BUNDLE_IDENTIFIER = dimension.fashionFind;
				PRODUCT_NAME = "$(TARGET_NAME)";
				SWIFT_VERSION = 3.0;
			};
			name = Debug;
		};
		F7737A6A1F22480E0021C4DE /* Release */ = {
			isa = XCBuildConfiguration;
			buildSettings = {
				ASSETCATALOG_COMPILER_APPICON_NAME = AppIcon;
				DEVELOPMENT_TEAM = 2R3DXV42RG;
				INFOPLIST_FILE = fashionFind/Info.plist;
				LD_RUNPATH_SEARCH_PATHS = "$(inherited) @executable_path/Frameworks";
				PRODUCT_BUNDLE_IDENTIFIER = dimension.fashionFind;
				PRODUCT_NAME = "$(TARGET_NAME)";
				SWIFT_VERSION = 3.0;
			};
			name = Release;
		};
		F7737A6C1F22480E0021C4DE /* Debug */ = {
			isa = XCBuildConfiguration;
			buildSettings = {
				ALWAYS_EMBED_SWIFT_STANDARD_LIBRARIES = YES;
				BUNDLE_LOADER = "$(TEST_HOST)";
				DEVELOPMENT_TEAM = 2R3DXV42RG;
				INFOPLIST_FILE = fashionFindTests/Info.plist;
				LD_RUNPATH_SEARCH_PATHS = "$(inherited) @executable_path/Frameworks @loader_path/Frameworks";
				PRODUCT_BUNDLE_IDENTIFIER = dimension.fashionFindTests;
				PRODUCT_NAME = "$(TARGET_NAME)";
				SWIFT_VERSION = 3.0;
				TEST_HOST = "$(BUILT_PRODUCTS_DIR)/fashionFind.app/fashionFind";
			};
			name = Debug;
		};
		F7737A6D1F22480E0021C4DE /* Release */ = {
			isa = XCBuildConfiguration;
			buildSettings = {
				ALWAYS_EMBED_SWIFT_STANDARD_LIBRARIES = YES;
				BUNDLE_LOADER = "$(TEST_HOST)";
				DEVELOPMENT_TEAM = 2R3DXV42RG;
				INFOPLIST_FILE = fashionFindTests/Info.plist;
				LD_RUNPATH_SEARCH_PATHS = "$(inherited) @executable_path/Frameworks @loader_path/Frameworks";
				PRODUCT_BUNDLE_IDENTIFIER = dimension.fashionFindTests;
				PRODUCT_NAME = "$(TARGET_NAME)";
				SWIFT_VERSION = 3.0;
				TEST_HOST = "$(BUILT_PRODUCTS_DIR)/fashionFind.app/fashionFind";
			};
			name = Release;
		};
		F7737A6F1F22480E0021C4DE /* Debug */ = {
			isa = XCBuildConfiguration;
			buildSettings = {
				ALWAYS_EMBED_SWIFT_STANDARD_LIBRARIES = YES;
				DEVELOPMENT_TEAM = 2R3DXV42RG;
				INFOPLIST_FILE = fashionFindUITests/Info.plist;
				LD_RUNPATH_SEARCH_PATHS = "$(inherited) @executable_path/Frameworks @loader_path/Frameworks";
				PRODUCT_BUNDLE_IDENTIFIER = dimension.fashionFindUITests;
				PRODUCT_NAME = "$(TARGET_NAME)";
				SWIFT_VERSION = 3.0;
				TEST_TARGET_NAME = fashionFind;
			};
			name = Debug;
		};
		F7737A701F22480E0021C4DE /* Release */ = {
			isa = XCBuildConfiguration;
			buildSettings = {
				ALWAYS_EMBED_SWIFT_STANDARD_LIBRARIES = YES;
				DEVELOPMENT_TEAM = 2R3DXV42RG;
				INFOPLIST_FILE = fashionFindUITests/Info.plist;
				LD_RUNPATH_SEARCH_PATHS = "$(inherited) @executable_path/Frameworks @loader_path/Frameworks";
				PRODUCT_BUNDLE_IDENTIFIER = dimension.fashionFindUITests;
				PRODUCT_NAME = "$(TARGET_NAME)";
				SWIFT_VERSION = 3.0;
				TEST_TARGET_NAME = fashionFind;
			};
			name = Release;
		};
/* End XCBuildConfiguration section */

/* Begin XCConfigurationList section */
		F7737A3B1F22480E0021C4DE /* Build configuration list for PBXProject "fashionFind" */ = {
			isa = XCConfigurationList;
			buildConfigurations = (
				F7737A661F22480E0021C4DE /* Debug */,
				F7737A671F22480E0021C4DE /* Release */,
			);
			defaultConfigurationIsVisible = 0;
			defaultConfigurationName = Release;
		};
		F7737A681F22480E0021C4DE /* Build configuration list for PBXNativeTarget "fashionFind" */ = {
			isa = XCConfigurationList;
			buildConfigurations = (
				F7737A691F22480E0021C4DE /* Debug */,
				F7737A6A1F22480E0021C4DE /* Release */,
			);
			defaultConfigurationIsVisible = 0;
		};
		F7737A6B1F22480E0021C4DE /* Build configuration list for PBXNativeTarget "fashionFindTests" */ = {
			isa = XCConfigurationList;
			buildConfigurations = (
				F7737A6C1F22480E0021C4DE /* Debug */,
				F7737A6D1F22480E0021C4DE /* Release */,
			);
			defaultConfigurationIsVisible = 0;
		};
		F7737A6E1F22480E0021C4DE /* Build configuration list for PBXNativeTarget "fashionFindUITests" */ = {
			isa = XCConfigurationList;
			buildConfigurations = (
				F7737A6F1F22480E0021C4DE /* Debug */,
				F7737A701F22480E0021C4DE /* Release */,
			);
			defaultConfigurationIsVisible = 0;
		};
/* End XCConfigurationList section */
	};
	rootObject = F7737A381F22480E0021C4DE /* Project object */;
}
